
Microsoft Visual Studio Solution File, Format Version 12.00
# Visual Studio Version 17
VisualStudioVersion = 17.4.33122.133
MinimumVisualStudioVersion = 10.0.40219.1
Project("{FAE04EC0-301F-11D3-BF4B-00C04F79EFBC}") = "WpfApp1", "WpfApp1\WpfApp1.csproj", "{635BFFEF-CFF7-4396-82DE-C296CF4DE266}"
EndProject
Global
	GlobalSection(SolutionConfigurationPlatforms) = preSolution
		Debug|Any CPU = Debug|Any CPU
		Release|Any CPU = Release|Any CPU
	EndGlobalSection
	GlobalSection(ProjectConfigurationPlatforms) = postSolution
		{635BFFEF-CFF7-4396-82DE-C296CF4DE266}.Debug|Any CPU.ActiveCfg = Debug|Any CPU
		{635BFFEF-CFF7-4396-82DE-C296CF4DE266}.Debug|Any CPU.Build.0 = Debug|Any CPU
		{635BFFEF-CFF7-4396-82DE-C296CF4DE266}.Release|Any CPU.ActiveCfg = Release|Any CPU
		{635BFFEF-CFF7-4396-82DE-C296CF4DE266}.Release|Any CPU.Build.0 = Release|Any CPU
	EndGlobalSection
	GlobalSection(SolutionProperties) = preSolution
		HideSolutionNode = FALSE
	EndGlobalSection
	GlobalSection(ExtensibilityGlobals) = postSolution
		SolutionGuid = {EBCB5569-BB7B-4D3D-8E84-5FF33760527E}
	EndGlobalSection
EndGlobal
